
Microsoft Visual Studio Solution File, Format Version 12.00
# Visual Studio Version 17
VisualStudioVersion = 17.0.31903.59
MinimumVisualStudioVersion = 10.0.40219.1
Project("{2150E333-8FDC-42A3-9474-1A3956D46DE8}") = "Solution Items", "Solution Items", "{E23B3142-9AE6-43D4-B334-4F3D4BD223E3}"
	ProjectSection(SolutionItems) = preProject
		.editorconfig = .editorconfig
		.gitattributes = .gitattributes
		.gitignore = .gitignore
		Directory.Build.props = Directory.Build.props
		global.json = global.json
		LICENSE = LICENSE
		README.md = README.md
	EndProjectSection
EndProject
Project("{2150E333-8FDC-42A3-9474-1A3956D46DE8}") = "src", "src", "{94E38728-1CC3-441E-9221-5162B346153A}"
	ProjectSection(SolutionItems) = preProject
		src\Directory.Build.props = src\Directory.Build.props
	EndProjectSection
EndProject
Project("{2150E333-8FDC-42A3-9474-1A3956D46DE8}") = "tests", "tests", "{CB2B364D-9C63-4EE7-BB2D-C315BB67DB04}"
	ProjectSection(SolutionItems) = preProject
		tests\Directory.Build.props = tests\Directory.Build.props
	EndProjectSection
EndProject
Project("{FAE04EC0-301F-11D3-BF4B-00C04F79EFBC}") = "Orange.Ide.App", "src\Ide.App\Orange.Ide.App.csproj", "{EDC4DDCE-4B56-4C7E-B085-DDD561086A2D}"
EndProject
Global
	GlobalSection(SolutionConfigurationPlatforms) = preSolution
		Debug|Any CPU = Debug|Any CPU
		Release|Any CPU = Release|Any CPU
	EndGlobalSection
	GlobalSection(ProjectConfigurationPlatforms) = postSolution
		{EDC4DDCE-4B56-4C7E-B085-DDD561086A2D}.Debug|Any CPU.ActiveCfg = Debug|Any CPU
		{EDC4DDCE-4B56-4C7E-B085-DDD561086A2D}.Debug|Any CPU.Build.0 = Debug|Any CPU
		{EDC4DDCE-4B56-4C7E-B085-DDD561086A2D}.Release|Any CPU.ActiveCfg = Release|Any CPU
		{EDC4DDCE-4B56-4C7E-B085-DDD561086A2D}.Release|Any CPU.Build.0 = Release|Any CPU
	EndGlobalSection
	GlobalSection(SolutionProperties) = preSolution
		HideSolutionNode = FALSE
	EndGlobalSection
	GlobalSection(NestedProjects) = preSolution
		{EDC4DDCE-4B56-4C7E-B085-DDD561086A2D} = {94E38728-1CC3-441E-9221-5162B346153A}
	EndGlobalSection
EndGlobal
